
Microsoft Visual Studio Solution File, Format Version 12.00
# Visual Studio Version 16
VisualStudioVersion = 16.0.30523.141
MinimumVisualStudioVersion = 10.0.40219.1
Project("{FAE04EC0-301F-11D3-BF4B-00C04F79EFBC}") = "Demo", "Demo\Demo.csproj", "{C8DD9EA8-43AA-4ECA-B997-DEB90823D557}"
EndProject
Global
	GlobalSection(SolutionConfigurationPlatforms) = preSolution
		Debug|Any CPU = Debug|Any CPU
		Release|Any CPU = Release|Any CPU
	EndGlobalSection
	GlobalSection(ProjectConfigurationPlatforms) = postSolution
		{C8DD9EA8-43AA-4ECA-B997-DEB90823D557}.Debug|Any CPU.ActiveCfg = Debug|Any CPU
		{C8DD9EA8-43AA-4ECA-B997-DEB90823D557}.Debug|Any CPU.Build.0 = Debug|Any CPU
		{C8DD9EA8-43AA-4ECA-B997-DEB90823D557}.Release|Any CPU.ActiveCfg = Release|Any CPU
		{C8DD9EA8-43AA-4ECA-B997-DEB90823D557}.Release|Any CPU.Build.0 = Release|Any CPU
	EndGlobalSection
	GlobalSection(SolutionProperties) = preSolution
		HideSolutionNode = FALSE
	EndGlobalSection
	GlobalSection(ExtensibilityGlobals) = postSolution
		SolutionGuid = {FB838999-FCD5-4765-9686-DBDFC41651C5}
	EndGlobalSection
EndGlobal
